// !$*UTF8*$!
{
	archiveVersion = 1;
	classes = {
	};
	objectVersion = 56;
	objects = {

/* Begin PBXBuildFile section */
		AE644BB92C733C7D002C468F /* GithubDevelopersApp.swift in Sources */ = {isa = PBXBuildFile; fileRef = AE644BB82C733C7D002C468F /* GithubDevelopersApp.swift */; };
		AE644BBD2C733C80002C468F /* Assets.xcassets in Resources */ = {isa = PBXBuildFile; fileRef = AE644BBC2C733C80002C468F /* Assets.xcassets */; };
		AE644BC02C733C80002C468F /* Preview Assets.xcassets in Resources */ = {isa = PBXBuildFile; fileRef = AE644BBF2C733C80002C468F /* Preview Assets.xcassets */; };
		AE644BC72C733D26002C468F /* SplashView.swift in Sources */ = {isa = PBXBuildFile; fileRef = AE644BC62C733D26002C468F /* SplashView.swift */; };
		AE644BC92C733D5C002C468F /* HomeView.swift in Sources */ = {isa = PBXBuildFile; fileRef = AE644BC82C733D5C002C468F /* HomeView.swift */; };
		AE644BCB2C734111002C468F /* ListingView.swift in Sources */ = {isa = PBXBuildFile; fileRef = AE644BCA2C734111002C468F /* ListingView.swift */; };
		AE69DC8B2C735FF4001AE9DE /* DeveloperDetailView.swift in Sources */ = {isa = PBXBuildFile; fileRef = AE69DC8A2C735FF4001AE9DE /* DeveloperDetailView.swift */; };
		AEFC9A7D2C7A547C00C2EBA2 /* Developer.swift in Sources */ = {isa = PBXBuildFile; fileRef = AEFC9A7C2C7A547C00C2EBA2 /* Developer.swift */; };
		AEFC9A7F2C7A549700C2EBA2 /* City.swift in Sources */ = {isa = PBXBuildFile; fileRef = AEFC9A7E2C7A549700C2EBA2 /* City.swift */; };
		AEFC9A832C7A575700C2EBA2 /* GitHubResponse.swift in Sources */ = {isa = PBXBuildFile; fileRef = AEFC9A822C7A575700C2EBA2 /* GitHubResponse.swift */; };
		AEFC9A852C7A57D500C2EBA2 /* ListingViewModel.swift in Sources */ = {isa = PBXBuildFile; fileRef = AEFC9A842C7A57D500C2EBA2 /* ListingViewModel.swift */; };
		AEFC9A872C7A5B0300C2EBA2 /* DeveloperDetailViewModel.swift in Sources */ = {isa = PBXBuildFile; fileRef = AEFC9A862C7A5B0300C2EBA2 /* DeveloperDetailViewModel.swift */; };
		AEFC9A892C7A5B5900C2EBA2 /* DeveloperDetail.swift in Sources */ = {isa = PBXBuildFile; fileRef = AEFC9A882C7A5B5900C2EBA2 /* DeveloperDetail.swift */; };
		AEFC9A8B2C7A5C1700C2EBA2 /* DeveloperDetailService.swift in Sources */ = {isa = PBXBuildFile; fileRef = AEFC9A8A2C7A5C1700C2EBA2 /* DeveloperDetailService.swift */; };
		AEFC9A8D2C7A5CCF00C2EBA2 /* Color+AppColors.swift in Sources */ = {isa = PBXBuildFile; fileRef = AEFC9A8C2C7A5CCF00C2EBA2 /* Color+AppColors.swift */; };
/* End PBXBuildFile section */

/* Begin PBXFileReference section */
		AE644BB52C733C7D002C468F /* GithubDevelopers.app */ = {isa = PBXFileReference; explicitFileType = wrapper.application; includeInIndex = 0; path = GithubDevelopers.app; sourceTree = BUILT_PRODUCTS_DIR; };
		AE644BB82C733C7D002C468F /* GithubDevelopersApp.swift */ = {isa = PBXFileReference; lastKnownFileType = sourcecode.swift; path = GithubDevelopersApp.swift; sourceTree = "<group>"; };
		AE644BBC2C733C80002C468F /* Assets.xcassets */ = {isa = PBXFileReference; lastKnownFileType = folder.assetcatalog; path = Assets.xcassets; sourceTree = "<group>"; };
		AE644BBF2C733C80002C468F /* Preview Assets.xcassets */ = {isa = PBXFileReference; lastKnownFileType = folder.assetcatalog; path = "Preview Assets.xcassets"; sourceTree = "<group>"; };
		AE644BC62C733D26002C468F /* SplashView.swift */ = {isa = PBXFileReference; lastKnownFileType = sourcecode.swift; path = SplashView.swift; sourceTree = "<group>"; };
		AE644BC82C733D5C002C468F /* HomeView.swift */ = {isa = PBXFileReference; lastKnownFileType = sourcecode.swift; path = HomeView.swift; sourceTree = "<group>"; };
		AE644BCA2C734111002C468F /* ListingView.swift */ = {isa = PBXFileReference; lastKnownFileType = sourcecode.swift; path = ListingView.swift; sourceTree = "<group>"; };
		AE69DC8A2C735FF4001AE9DE /* DeveloperDetailView.swift */ = {isa = PBXFileReference; lastKnownFileType = sourcecode.swift; path = DeveloperDetailView.swift; sourceTree = "<group>"; };
		AEFC9A7C2C7A547C00C2EBA2 /* Developer.swift */ = {isa = PBXFileReference; lastKnownFileType = sourcecode.swift; path = Developer.swift; sourceTree = "<group>"; };
		AEFC9A7E2C7A549700C2EBA2 /* City.swift */ = {isa = PBXFileReference; lastKnownFileType = sourcecode.swift; path = City.swift; sourceTree = "<group>"; };
		AEFC9A822C7A575700C2EBA2 /* GitHubResponse.swift */ = {isa = PBXFileReference; lastKnownFileType = sourcecode.swift; path = GitHubResponse.swift; sourceTree = "<group>"; };
		AEFC9A842C7A57D500C2EBA2 /* ListingViewModel.swift */ = {isa = PBXFileReference; lastKnownFileType = sourcecode.swift; path = ListingViewModel.swift; sourceTree = "<group>"; };
		AEFC9A862C7A5B0300C2EBA2 /* DeveloperDetailViewModel.swift */ = {isa = PBXFileReference; lastKnownFileType = sourcecode.swift; path = DeveloperDetailViewModel.swift; sourceTree = "<group>"; };
		AEFC9A882C7A5B5900C2EBA2 /* DeveloperDetail.swift */ = {isa = PBXFileReference; lastKnownFileType = sourcecode.swift; path = DeveloperDetail.swift; sourceTree = "<group>"; };
		AEFC9A8A2C7A5C1700C2EBA2 /* DeveloperDetailService.swift */ = {isa = PBXFileReference; lastKnownFileType = sourcecode.swift; path = DeveloperDetailService.swift; sourceTree = "<group>"; };
		AEFC9A8C2C7A5CCF00C2EBA2 /* Color+AppColors.swift */ = {isa = PBXFileReference; lastKnownFileType = sourcecode.swift; path = "Color+AppColors.swift"; sourceTree = "<group>"; };
/* End PBXFileReference section */

/* Begin PBXFrameworksBuildPhase section */
		AE644BB22C733C7D002C468F /* Frameworks */ = {
			isa = PBXFrameworksBuildPhase;
			buildActionMask = 2147483647;
			files = (
			);
			runOnlyForDeploymentPostprocessing = 0;
		};
/* End PBXFrameworksBuildPhase section */

/* Begin PBXGroup section */
		AE644BAC2C733C7D002C468F = {
			isa = PBXGroup;
			children = (
				AE644BB72C733C7D002C468F /* GithubDevelopers */,
				AE644BB62C733C7D002C468F /* Products */,
			);
			sourceTree = "<group>";
		};
		AE644BB62C733C7D002C468F /* Products */ = {
			isa = PBXGroup;
			children = (
				AE644BB52C733C7D002C468F /* GithubDevelopers.app */,
			);
			name = Products;
			sourceTree = "<group>";
		};
		AE644BB72C733C7D002C468F /* GithubDevelopers */ = {
			isa = PBXGroup;
			children = (
				AEFC9A7B2C7A546600C2EBA2 /* Utilities */,
				AEFC9A7A2C7A545600C2EBA2 /* Services */,
				AEFC9A792C7A544900C2EBA2 /* ViewModels */,
				AEFC9A782C7A543F00C2EBA2 /* Views */,
				AEFC9A772C7A543000C2EBA2 /* Models */,
				AE644BB82C733C7D002C468F /* GithubDevelopersApp.swift */,
				AE644BBC2C733C80002C468F /* Assets.xcassets */,
				AE644BBE2C733C80002C468F /* Preview Content */,
			);
			path = GithubDevelopers;
			sourceTree = "<group>";
		};
		AE644BBE2C733C80002C468F /* Preview Content */ = {
			isa = PBXGroup;
			children = (
				AE644BBF2C733C80002C468F /* Preview Assets.xcassets */,
			);
			path = "Preview Content";
			sourceTree = "<group>";
		};
		AEFC9A772C7A543000C2EBA2 /* Models */ = {
			isa = PBXGroup;
			children = (
				AEFC9A7C2C7A547C00C2EBA2 /* Developer.swift */,
				AEFC9A7E2C7A549700C2EBA2 /* City.swift */,
				AEFC9A822C7A575700C2EBA2 /* GitHubResponse.swift */,
				AEFC9A882C7A5B5900C2EBA2 /* DeveloperDetail.swift */,
			);
			path = Models;
			sourceTree = "<group>";
		};
		AEFC9A782C7A543F00C2EBA2 /* Views */ = {
			isa = PBXGroup;
			children = (
				AE644BC82C733D5C002C468F /* HomeView.swift */,
				AE644BC62C733D26002C468F /* SplashView.swift */,
				AE644BCA2C734111002C468F /* ListingView.swift */,
				AE69DC8A2C735FF4001AE9DE /* DeveloperDetailView.swift */,
			);
			path = Views;
			sourceTree = "<group>";
		};
		AEFC9A792C7A544900C2EBA2 /* ViewModels */ = {
			isa = PBXGroup;
			children = (
				AEFC9A842C7A57D500C2EBA2 /* ListingViewModel.swift */,
				AEFC9A862C7A5B0300C2EBA2 /* DeveloperDetailViewModel.swift */,
			);
			path = ViewModels;
			sourceTree = "<group>";
		};
		AEFC9A7A2C7A545600C2EBA2 /* Services */ = {
			isa = PBXGroup;
			children = (
				AEFC9A8A2C7A5C1700C2EBA2 /* DeveloperDetailService.swift */,
			);
			path = Services;
			sourceTree = "<group>";
		};
		AEFC9A7B2C7A546600C2EBA2 /* Utilities */ = {
			isa = PBXGroup;
			children = (
				AEFC9A8C2C7A5CCF00C2EBA2 /* Color+AppColors.swift */,
			);
			path = Utilities;
			sourceTree = "<group>";
		};
/* End PBXGroup section */

/* Begin PBXNativeTarget section */
		AE644BB42C733C7D002C468F /* GithubDevelopers */ = {
			isa = PBXNativeTarget;
			buildConfigurationList = AE644BC32C733C80002C468F /* Build configuration list for PBXNativeTarget "GithubDevelopers" */;
			buildPhases = (
				AE644BB12C733C7D002C468F /* Sources */,
				AE644BB22C733C7D002C468F /* Frameworks */,
				AE644BB32C733C7D002C468F /* Resources */,
			);
			buildRules = (
			);
			dependencies = (
			);
			name = GithubDevelopers;
			productName = GithubDevelopers;
			productReference = AE644BB52C733C7D002C468F /* GithubDevelopers.app */;
			productType = "com.apple.product-type.application";
		};
/* End PBXNativeTarget section */

/* Begin PBXProject section */
		AE644BAD2C733C7D002C468F /* Project object */ = {
			isa = PBXProject;
			attributes = {
				BuildIndependentTargetsInParallel = 1;
				LastSwiftUpdateCheck = 1540;
				LastUpgradeCheck = 1540;
				TargetAttributes = {
					AE644BB42C733C7D002C468F = {
						CreatedOnToolsVersion = 15.4;
					};
				};
			};
			buildConfigurationList = AE644BB02C733C7D002C468F /* Build configuration list for PBXProject "GithubDevelopers" */;
			compatibilityVersion = "Xcode 14.0";
			developmentRegion = en;
			hasScannedForEncodings = 0;
			knownRegions = (
				en,
				Base,
			);
			mainGroup = AE644BAC2C733C7D002C468F;
			productRefGroup = AE644BB62C733C7D002C468F /* Products */;
			projectDirPath = "";
			projectRoot = "";
			targets = (
				AE644BB42C733C7D002C468F /* GithubDevelopers */,
			);
		};
/* End PBXProject section */

/* Begin PBXResourcesBuildPhase section */
		AE644BB32C733C7D002C468F /* Resources */ = {
			isa = PBXResourcesBuildPhase;
			buildActionMask = 2147483647;
			files = (
				AE644BC02C733C80002C468F /* Preview Assets.xcassets in Resources */,
				AE644BBD2C733C80002C468F /* Assets.xcassets in Resources */,
			);
			runOnlyForDeploymentPostprocessing = 0;
		};
/* End PBXResourcesBuildPhase section */

/* Begin PBXSourcesBuildPhase section */
		AE644BB12C733C7D002C468F /* Sources */ = {
			isa = PBXSourcesBuildPhase;
			buildActionMask = 2147483647;
			files = (
				AE644BCB2C734111002C468F /* ListingView.swift in Sources */,
				AEFC9A832C7A575700C2EBA2 /* GitHubResponse.swift in Sources */,
				AE69DC8B2C735FF4001AE9DE /* DeveloperDetailView.swift in Sources */,
				AE644BC92C733D5C002C468F /* HomeView.swift in Sources */,
				AE644BB92C733C7D002C468F /* GithubDevelopersApp.swift in Sources */,
				AEFC9A8B2C7A5C1700C2EBA2 /* DeveloperDetailService.swift in Sources */,
				AEFC9A8D2C7A5CCF00C2EBA2 /* Color+AppColors.swift in Sources */,
				AEFC9A852C7A57D500C2EBA2 /* ListingViewModel.swift in Sources */,
				AEFC9A892C7A5B5900C2EBA2 /* DeveloperDetail.swift in Sources */,
				AE644BC72C733D26002C468F /* SplashView.swift in Sources */,
				AEFC9A7F2C7A549700C2EBA2 /* City.swift in Sources */,
				AEFC9A872C7A5B0300C2EBA2 /* DeveloperDetailViewModel.swift in Sources */,
				AEFC9A7D2C7A547C00C2EBA2 /* Developer.swift in Sources */,
			);
			runOnlyForDeploymentPostprocessing = 0;
		};
/* End PBXSourcesBuildPhase section */

/* Begin XCBuildConfiguration section */
		AE644BC12C733C80002C468F /* Debug */ = {
			isa = XCBuildConfiguration;
			buildSettings = {
				ALWAYS_SEARCH_USER_PATHS = NO;
				ASSETCATALOG_COMPILER_GENERATE_SWIFT_ASSET_SYMBOL_EXTENSIONS = YES;
				CLANG_ANALYZER_NONNULL = YES;
				CLANG_ANALYZER_NUMBER_OBJECT_CONVERSION = YES_AGGRESSIVE;
				CLANG_CXX_LANGUAGE_STANDARD = "gnu++20";
				CLANG_ENABLE_MODULES = YES;
				CLANG_ENABLE_OBJC_ARC = YES;
				CLANG_ENABLE_OBJC_WEAK = YES;
				CLANG_WARN_BLOCK_CAPTURE_AUTORELEASING = YES;
				CLANG_WARN_BOOL_CONVERSION = YES;
				CLANG_WARN_COMMA = YES;
				CLANG_WARN_CONSTANT_CONVERSION = YES;
				CLANG_WARN_DEPRECATED_OBJC_IMPLEMENTATIONS = YES;
				CLANG_WARN_DIRECT_OBJC_ISA_USAGE = YES_ERROR;
				CLANG_WARN_DOCUMENTATION_COMMENTS = YES;
				CLANG_WARN_EMPTY_BODY = YES;
				CLANG_WARN_ENUM_CONVERSION = YES;
				CLANG_WARN_INFINITE_RECURSION = YES;
				CLANG_WARN_INT_CONVERSION = YES;
				CLANG_WARN_NON_LITERAL_NULL_CONVERSION = YES;
				CLANG_WARN_OBJC_IMPLICIT_RETAIN_SELF = YES;
				CLANG_WARN_OBJC_LITERAL_CONVERSION = YES;
				CLANG_WARN_OBJC_ROOT_CLASS = YES_ERROR;
				CLANG_WARN_QUOTED_INCLUDE_IN_FRAMEWORK_HEADER = YES;
				CLANG_WARN_RANGE_LOOP_ANALYSIS = YES;
				CLANG_WARN_STRICT_PROTOTYPES = YES;
				CLANG_WARN_SUSPICIOUS_MOVE = YES;
				CLANG_WARN_UNGUARDED_AVAILABILITY = YES_AGGRESSIVE;
				CLANG_WARN_UNREACHABLE_CODE = YES;
				CLANG_WARN__DUPLICATE_METHOD_MATCH = YES;
				COPY_PHASE_STRIP = NO;
				DEBUG_INFORMATION_FORMAT = dwarf;
				ENABLE_STRICT_OBJC_MSGSEND = YES;
				ENABLE_TESTABILITY = YES;
				ENABLE_USER_SCRIPT_SANDBOXING = YES;
				GCC_C_LANGUAGE_STANDARD = gnu17;
				GCC_DYNAMIC_NO_PIC = NO;
				GCC_NO_COMMON_BLOCKS = YES;
				GCC_OPTIMIZATION_LEVEL = 0;
				GCC_PREPROCESSOR_DEFINITIONS = (
					"DEBUG=1",
					"$(inherited)",
				);
				GCC_WARN_64_TO_32_BIT_CONVERSION = YES;
				GCC_WARN_ABOUT_RETURN_TYPE = YES_ERROR;
				GCC_WARN_UNDECLARED_SELECTOR = YES;
				GCC_WARN_UNINITIALIZED_AUTOS = YES_AGGRESSIVE;
				GCC_WARN_UNUSED_FUNCTION = YES;
				GCC_WARN_UNUSED_VARIABLE = YES;
				IPHONEOS_DEPLOYMENT_TARGET = 17.5;
				LOCALIZATION_PREFERS_STRING_CATALOGS = YES;
				MTL_ENABLE_DEBUG_INFO = INCLUDE_SOURCE;
				MTL_FAST_MATH = YES;
				ONLY_ACTIVE_ARCH = YES;
				SDKROOT = iphoneos;
				SWIFT_ACTIVE_COMPILATION_CONDITIONS = "DEBUG $(inherited)";
				SWIFT_OPTIMIZATION_LEVEL = "-Onone";
			};
			name = Debug;
		};
		AE644BC22C733C80002C468F /* Release */ = {
			isa = XCBuildConfiguration;
			buildSettings = {
				ALWAYS_SEARCH_USER_PATHS = NO;
				ASSETCATALOG_COMPILER_GENERATE_SWIFT_ASSET_SYMBOL_EXTENSIONS = YES;
				CLANG_ANALYZER_NONNULL = YES;
				CLANG_ANALYZER_NUMBER_OBJECT_CONVERSION = YES_AGGRESSIVE;
				CLANG_CXX_LANGUAGE_STANDARD = "gnu++20";
				CLANG_ENABLE_MODULES = YES;
				CLANG_ENABLE_OBJC_ARC = YES;
				CLANG_ENABLE_OBJC_WEAK = YES;
				CLANG_WARN_BLOCK_CAPTURE_AUTORELEASING = YES;
				CLANG_WARN_BOOL_CONVERSION = YES;
				CLANG_WARN_COMMA = YES;
				CLANG_WARN_CONSTANT_CONVERSION = YES;
				CLANG_WARN_DEPRECATED_OBJC_IMPLEMENTATIONS = YES;
				CLANG_WARN_DIRECT_OBJC_ISA_USAGE = YES_ERROR;
				CLANG_WARN_DOCUMENTATION_COMMENTS = YES;
				CLANG_WARN_EMPTY_BODY = YES;
				CLANG_WARN_ENUM_CONVERSION = YES;
				CLANG_WARN_INFINITE_RECURSION = YES;
				CLANG_WARN_INT_CONVERSION = YES;
				CLANG_WARN_NON_LITERAL_NULL_CONVERSION = YES;
				CLANG_WARN_OBJC_IMPLICIT_RETAIN_SELF = YES;
				CLANG_WARN_OBJC_LITERAL_CONVERSION = YES;
				CLANG_WARN_OBJC_ROOT_CLASS = YES_ERROR;
				CLANG_WARN_QUOTED_INCLUDE_IN_FRAMEWORK_HEADER = YES;
				CLANG_WARN_RANGE_LOOP_ANALYSIS = YES;
				CLANG_WARN_STRICT_PROTOTYPES = YES;
				CLANG_WARN_SUSPICIOUS_MOVE = YES;
				CLANG_WARN_UNGUARDED_AVAILABILITY = YES_AGGRESSIVE;
				CLANG_WARN_UNREACHABLE_CODE = YES;
				CLANG_WARN__DUPLICATE_METHOD_MATCH = YES;
				COPY_PHASE_STRIP = NO;
				DEBUG_INFORMATION_FORMAT = "dwarf-with-dsym";
				ENABLE_NS_ASSERTIONS = NO;
				ENABLE_STRICT_OBJC_MSGSEND = YES;
				ENABLE_USER_SCRIPT_SANDBOXING = YES;
				GCC_C_LANGUAGE_STANDARD = gnu17;
				GCC_NO_COMMON_BLOCKS = YES;
				GCC_WARN_64_TO_32_BIT_CONVERSION = YES;
				GCC_WARN_ABOUT_RETURN_TYPE = YES_ERROR;
				GCC_WARN_UNDECLARED_SELECTOR = YES;
				GCC_WARN_UNINITIALIZED_AUTOS = YES_AGGRESSIVE;
				GCC_WARN_UNUSED_FUNCTION = YES;
				GCC_WARN_UNUSED_VARIABLE = YES;
				IPHONEOS_DEPLOYMENT_TARGET = 17.5;
				LOCALIZATION_PREFERS_STRING_CATALOGS = YES;
				MTL_ENABLE_DEBUG_INFO = NO;
				MTL_FAST_MATH = YES;
				SDKROOT = iphoneos;
				SWIFT_COMPILATION_MODE = wholemodule;
				VALIDATE_PRODUCT = YES;
			};
			name = Release;
		};
		AE644BC42C733C80002C468F /* Debug */ = {
			isa = XCBuildConfiguration;
			buildSettings = {
				ASSETCATALOG_COMPILER_APPICON_NAME = AppIcon;
				ASSETCATALOG_COMPILER_GLOBAL_ACCENT_COLOR_NAME = AccentColor;
				CODE_SIGN_STYLE = Automatic;
				CURRENT_PROJECT_VERSION = 1;
				DEVELOPMENT_ASSET_PATHS = "\"GithubDevelopers/Preview Content\"";
				DEVELOPMENT_TEAM = HUS2SUYG6U;
				ENABLE_PREVIEWS = YES;
				GENERATE_INFOPLIST_FILE = YES;
				INFOPLIST_KEY_UIApplicationSceneManifest_Generation = YES;
				INFOPLIST_KEY_UIApplicationSupportsIndirectInputEvents = YES;
				INFOPLIST_KEY_UILaunchScreen_Generation = YES;
				INFOPLIST_KEY_UISupportedInterfaceOrientations_iPad = "UIInterfaceOrientationPortrait UIInterfaceOrientationPortraitUpsideDown UIInterfaceOrientationLandscapeLeft UIInterfaceOrientationLandscapeRight";
				INFOPLIST_KEY_UISupportedInterfaceOrientations_iPhone = "UIInterfaceOrientationPortrait UIInterfaceOrientationLandscapeLeft UIInterfaceOrientationLandscapeRight";
				LD_RUNPATH_SEARCH_PATHS = (
					"$(inherited)",
					"@executable_path/Frameworks",
				);
				MARKETING_VERSION = 1.0;
				PRODUCT_BUNDLE_IDENTIFIER = com.muhammed.GithubDevelopers;
				PRODUCT_NAME = "$(TARGET_NAME)";
				SWIFT_EMIT_LOC_STRINGS = YES;
				SWIFT_VERSION = 5.0;
				TARGETED_DEVICE_FAMILY = "1,2";
			};
			name = Debug;
		};
		AE644BC52C733C80002C468F /* Release */ = {
			isa = XCBuildConfiguration;
			buildSettings = {
				ASSETCATALOG_COMPILER_APPICON_NAME = AppIcon;
				ASSETCATALOG_COMPILER_GLOBAL_ACCENT_COLOR_NAME = AccentColor;
				CODE_SIGN_STYLE = Automatic;
				CURRENT_PROJECT_VERSION = 1;
				DEVELOPMENT_ASSET_PATHS = "\"GithubDevelopers/Preview Content\"";
				DEVELOPMENT_TEAM = HUS2SUYG6U;
				ENABLE_PREVIEWS = YES;
				GENERATE_INFOPLIST_FILE = YES;
				INFOPLIST_KEY_UIApplicationSceneManifest_Generation = YES;
				INFOPLIST_KEY_UIApplicationSupportsIndirectInputEvents = YES;
				INFOPLIST_KEY_UILaunchScreen_Generation = YES;
				INFOPLIST_KEY_UISupportedInterfaceOrientations_iPad = "UIInterfaceOrientationPortrait UIInterfaceOrientationPortraitUpsideDown UIInterfaceOrientationLandscapeLeft UIInterfaceOrientationLandscapeRight";
				INFOPLIST_KEY_UISupportedInterfaceOrientations_iPhone = "UIInterfaceOrientationPortrait UIInterfaceOrientationLandscapeLeft UIInterfaceOrientationLandscapeRight";
				LD_RUNPATH_SEARCH_PATHS = (
					"$(inherited)",
					"@executable_path/Frameworks",
				);
				MARKETING_VERSION = 1.0;
				PRODUCT_BUNDLE_IDENTIFIER = com.muhammed.GithubDevelopers;
				PRODUCT_NAME = "$(TARGET_NAME)";
				SWIFT_EMIT_LOC_STRINGS = YES;
				SWIFT_VERSION = 5.0;
				TARGETED_DEVICE_FAMILY = "1,2";
			};
			name = Release;
		};
/* End XCBuildConfiguration section */

/* Begin XCConfigurationList section */
		AE644BB02C733C7D002C468F /* Build configuration list for PBXProject "GithubDevelopers" */ = {
			isa = XCConfigurationList;
			buildConfigurations = (
				AE644BC12C733C80002C468F /* Debug */,
				AE644BC22C733C80002C468F /* Release */,
			);
			defaultConfigurationIsVisible = 0;
			defaultConfigurationName = Release;
		};
		AE644BC32C733C80002C468F /* Build configuration list for PBXNativeTarget "GithubDevelopers" */ = {
			isa = XCConfigurationList;
			buildConfigurations = (
				AE644BC42C733C80002C468F /* Debug */,
				AE644BC52C733C80002C468F /* Release */,
			);
			defaultConfigurationIsVisible = 0;
			defaultConfigurationName = Release;
		};
/* End XCConfigurationList section */
	};
	rootObject = AE644BAD2C733C7D002C468F /* Project object */;
}
